
Microsoft Visual Studio Solution File, Format Version 12.00
# Visual Studio 14
VisualStudioVersion = 14.0.25420.1
MinimumVisualStudioVersion = 10.0.40219.1
Project("{FAE04EC0-301F-11D3-BF4B-00C04F79EFBC}") = "Laboratorio.Core.DAL", "Laboratorio.Core.DAL\Laboratorio.Core.DAL.csproj", "{AA616580-94CB-41C6-BD2C-82AEDC832DF8}"
EndProject
Project("{FAE04EC0-301F-11D3-BF4B-00C04F79EFBC}") = "Laboratorio.Core.MVC", "Laboratorio.Core.MVC\Laboratorio.Core.MVC.csproj", "{0E85205F-B9F5-435F-A727-70B33024CE5F}"
EndProject
Global
	GlobalSection(SolutionConfigurationPlatforms) = preSolution
		Debug|Any CPU = Debug|Any CPU
		Release|Any CPU = Release|Any CPU
	EndGlobalSection
	GlobalSection(ProjectConfigurationPlatforms) = postSolution
		{AA616580-94CB-41C6-BD2C-82AEDC832DF8}.Debug|Any CPU.ActiveCfg = Debug|Any CPU
		{AA616580-94CB-41C6-BD2C-82AEDC832DF8}.Debug|Any CPU.Build.0 = Debug|Any CPU
		{AA616580-94CB-41C6-BD2C-82AEDC832DF8}.Release|Any CPU.ActiveCfg = Release|Any CPU
		{AA616580-94CB-41C6-BD2C-82AEDC832DF8}.Release|Any CPU.Build.0 = Release|Any CPU
		{0E85205F-B9F5-435F-A727-70B33024CE5F}.Debug|Any CPU.ActiveCfg = Debug|Any CPU
		{0E85205F-B9F5-435F-A727-70B33024CE5F}.Debug|Any CPU.Build.0 = Debug|Any CPU
		{0E85205F-B9F5-435F-A727-70B33024CE5F}.Release|Any CPU.ActiveCfg = Release|Any CPU
		{0E85205F-B9F5-435F-A727-70B33024CE5F}.Release|Any CPU.Build.0 = Release|Any CPU
	EndGlobalSection
	GlobalSection(SolutionProperties) = preSolution
		HideSolutionNode = FALSE
	EndGlobalSection
EndGlobal
